
Microsoft Visual Studio Solution File, Format Version 12.00
# Visual Studio Version 17
VisualStudioVersion = 17.8.34309.116
MinimumVisualStudioVersion = 10.0.40219.1
Project("{FAE04EC0-301F-11D3-BF4B-00C04F79EFBC}") = "E2E-DemoBlaze", "E2E-DemoBlaze\E2E-DemoBlaze.csproj", "{BD093614-B924-4764-A0F7-5A457C34C432}"
EndProject
Global
	GlobalSection(SolutionConfigurationPlatforms) = preSolution
		Debug|Any CPU = Debug|Any CPU
		Release|Any CPU = Release|Any CPU
	EndGlobalSection
	GlobalSection(ProjectConfigurationPlatforms) = postSolution
		{BD093614-B924-4764-A0F7-5A457C34C432}.Debug|Any CPU.ActiveCfg = Debug|Any CPU
		{BD093614-B924-4764-A0F7-5A457C34C432}.Debug|Any CPU.Build.0 = Debug|Any CPU
		{BD093614-B924-4764-A0F7-5A457C34C432}.Release|Any CPU.ActiveCfg = Release|Any CPU
		{BD093614-B924-4764-A0F7-5A457C34C432}.Release|Any CPU.Build.0 = Release|Any CPU
	EndGlobalSection
	GlobalSection(SolutionProperties) = preSolution
		HideSolutionNode = FALSE
	EndGlobalSection
	GlobalSection(ExtensibilityGlobals) = postSolution
		SolutionGuid = {1E7C6A96-8AAE-4577-8FD8-3EE65E101646}
	EndGlobalSection
EndGlobal
